
Microsoft Visual Studio Solution File, Format Version 12.00
# Visual Studio Version 16
VisualStudioVersion = 16.0.34031.81
MinimumVisualStudioVersion = 10.0.40219.1
Project("{2150E333-8FDC-42A3-9474-1A3956D46DE8}") = "Task0", "Task0", "{F5F50A9A-2E46-49CF-AEB2-45461E10FAD8}"
EndProject
Project("{FAE04EC0-301F-11D3-BF4B-00C04F79EFBC}") = "Tyuiu.ShananinaVV.Sprint6.Task0.V29.Lib", "Tyuiu.ShananinaVV.Sprint6.Task0.V29.Lib\Tyuiu.ShananinaVV.Sprint6.Task0.V29.Lib.csproj", "{1519BCD8-D9C9-4254-BABC-81D1D1EEB0D7}"
EndProject
Project("{FAE04EC0-301F-11D3-BF4B-00C04F79EFBC}") = "Tyuiu.ShananinaVV.Sprint6.Task0.V29.Test", "Tyuiu.ShananinaVV.Sprint6.Task0.V29.Test\Tyuiu.ShananinaVV.Sprint6.Task0.V29.Test.csproj", "{25D6FCAD-C858-4F6C-9C38-27F719A0A015}"
EndProject
Project("{FAE04EC0-301F-11D3-BF4B-00C04F79EFBC}") = "Tyuiu.ShananinaVV.Sprint6.Task0.V29", "Tyuiu.ShananinaVV.Sprint6.Task0.V29\Tyuiu.ShananinaVV.Sprint6.Task0.V29.csproj", "{8F7D1BE5-7FCD-4B8A-B8EC-CBB51CEE46F2}"
EndProject
Project("{2150E333-8FDC-42A3-9474-1A3956D46DE8}") = "Task1", "Task1", "{DBA762E0-7E6C-4C09-99EC-E75BC9D015B0}"
EndProject
Project("{FAE04EC0-301F-11D3-BF4B-00C04F79EFBC}") = "Tyuiu.ShananinaVV.Sprint6.Task1.V19", "Tyuiu.ShananinaVV.Sprint6.Task1.V19\Tyuiu.ShananinaVV.Sprint6.Task1.V19.csproj", "{CD58D6D2-7835-45E7-B38B-0A1590D5A6AE}"
EndProject
Project("{FAE04EC0-301F-11D3-BF4B-00C04F79EFBC}") = "Tyuiu.ShananinaVV.Sprint6.Task1.V19.Lib", "Tyuiu.ShananinaVV.Sprint6.Task1.V19.Lib\Tyuiu.ShananinaVV.Sprint6.Task1.V19.Lib.csproj", "{0BF8766D-16FC-4930-B68A-098B7D6415A3}"
EndProject
Project("{FAE04EC0-301F-11D3-BF4B-00C04F79EFBC}") = "Tyuiu.ShananinaVV.Sprint6.Task1.V19.Test", "Tyuiu.ShananinaVV.Sprint6.Task1.V19.Test\Tyuiu.ShananinaVV.Sprint6.Task1.V19.Test.csproj", "{160D52DB-D4CF-4983-BA54-99A6B408224C}"
EndProject
Project("{2150E333-8FDC-42A3-9474-1A3956D46DE8}") = "Task2", "Task2", "{F309051F-2BC2-4A16-8645-7DD332020385}"
EndProject
Project("{FAE04EC0-301F-11D3-BF4B-00C04F79EFBC}") = "Tyuiu.ShananinaVV.Sprint6.Task2.V21", "Tyuiu.ShananinaVV.Sprint6.Task2.V21\Tyuiu.ShananinaVV.Sprint6.Task2.V21.csproj", "{0E8360D8-3934-47C8-BCCA-BD282570D645}"
EndProject
Project("{FAE04EC0-301F-11D3-BF4B-00C04F79EFBC}") = "Tyuiu.ShananinaVV.Sprint6.Task2.V21.Lib", "Tyuiu.ShananinaVV.Sprint6.Task2.V21.Lib\Tyuiu.ShananinaVV.Sprint6.Task2.V21.Lib.csproj", "{E16FA8A4-998B-4CAE-BC14-50DC098D2FF0}"
EndProject
Project("{FAE04EC0-301F-11D3-BF4B-00C04F79EFBC}") = "Tyuiu.ShananinaVV.Sprint6.Task2.V21.Test", "Tyuiu.ShananinaVV.Sprint6.Task2.V21.Test\Tyuiu.ShananinaVV.Sprint6.Task2.V21.Test.csproj", "{D103E88E-C211-427C-BF07-B326EE7065FB}"
EndProject
Project("{2150E333-8FDC-42A3-9474-1A3956D46DE8}") = "Task3", "Task3", "{CFC78DE7-EB9D-4841-896B-2ADDBED57610}"
EndProject
Project("{FAE04EC0-301F-11D3-BF4B-00C04F79EFBC}") = "Tyuiu.ShananinaVV.Sprint6.Task3.V7", "Tyuiu.ShananinaVV.Sprint6.Task3.V7\Tyuiu.ShananinaVV.Sprint6.Task3.V7.csproj", "{AAADBCB9-6FA8-4356-87B6-482966BC1CDE}"
EndProject
Project("{FAE04EC0-301F-11D3-BF4B-00C04F79EFBC}") = "Tyuiu.ShananinaVV.Sprint6.Task3.V7.Lib", "Tyuiu.ShananinaVV.Sprint6.Task3.V7.Lib\Tyuiu.ShananinaVV.Sprint6.Task3.V7.Lib.csproj", "{F2194C1F-991A-447D-8A14-B3A0C4777F88}"
EndProject
Project("{FAE04EC0-301F-11D3-BF4B-00C04F79EFBC}") = "Tyuiu.ShananinaVV.Sprint6.Task3.V7.Test", "Tyuiu.ShananinaVV.Sprint6.Task3.V7.Test\Tyuiu.ShananinaVV.Sprint6.Task3.V7.Test.csproj", "{52008AD4-2FC7-4ED7-9E00-3F466A17710F}"
EndProject
Project("{2150E333-8FDC-42A3-9474-1A3956D46DE8}") = "Task4", "Task4", "{6E97BF51-FDB0-4CA8-BB33-224D8A02DBB4}"
EndProject
Project("{FAE04EC0-301F-11D3-BF4B-00C04F79EFBC}") = "Tyuiu.ShananinaVV.Sprint6.Task4.V21", "Tyuiu.ShananinaVV.Sprint6.Task4.V21\Tyuiu.ShananinaVV.Sprint6.Task4.V21.csproj", "{9695B6D9-1646-41C3-8763-6A2A92B4BAE0}"
EndProject
Project("{FAE04EC0-301F-11D3-BF4B-00C04F79EFBC}") = "Tyuiu.ShananinaVV.Sprint6.Task4.V21.Lib", "Tyuiu.ShananinaVV.Sprint6.Task4.V21.Lib\Tyuiu.ShananinaVV.Sprint6.Task4.V21.Lib.csproj", "{7D56BF5D-7FEB-405F-8C1E-BF02ECC84E60}"
EndProject
Project("{FAE04EC0-301F-11D3-BF4B-00C04F79EFBC}") = "Tyuiu.ShananinaVV.Sprint6.Task4.V21.Test", "Tyuiu.ShananinaVV.Sprint6.Task4.V21.Test\Tyuiu.ShananinaVV.Sprint6.Task4.V21.Test.csproj", "{87738566-2C9D-4FE0-BDDC-1AEBC5FBCB36}"
EndProject
Project("{2150E333-8FDC-42A3-9474-1A3956D46DE8}") = "Task5", "Task5", "{38BA3BB0-1B7E-44CC-B0B1-0AE3E67CC34E}"
EndProject
Project("{FAE04EC0-301F-11D3-BF4B-00C04F79EFBC}") = "Tyuiu.ShananinaVV.Sprint6.Task5.V10", "Tyuiu.ShananinaVV.Sprint6.Task5.V10\Tyuiu.ShananinaVV.Sprint6.Task5.V10.csproj", "{1A5A3449-0546-40DA-AFB5-2FFEC4295D44}"
EndProject
Project("{FAE04EC0-301F-11D3-BF4B-00C04F79EFBC}") = "Tyuiu.ShananinaVV.Sprint6.Task5.V10.Lib", "Tyuiu.ShananinaVV.Sprint6.Task5.V10.Lib\Tyuiu.ShananinaVV.Sprint6.Task5.V10.Lib.csproj", "{0874595B-CF58-4971-B634-9DC0B192D494}"
EndProject
Project("{FAE04EC0-301F-11D3-BF4B-00C04F79EFBC}") = "Tyuiu.ShananinaVV.Sprint6.Task5.V10.Test", "Tyuiu.ShananinaVV.Sprint6.Task5.V10.Test\Tyuiu.ShananinaVV.Sprint6.Task5.V10.Test.csproj", "{F9E99142-3DDE-4EF2-88A6-373AF0641A16}"
EndProject
Project("{2150E333-8FDC-42A3-9474-1A3956D46DE8}") = "Task6", "Task6", "{F64D8D39-AC40-4B83-9A89-A224BC1BE118}"
EndProject
Project("{FAE04EC0-301F-11D3-BF4B-00C04F79EFBC}") = "Tyuiu.ShananinaVV.Sprint6.Task6.V2", "Tyuiu.ShananinaVV.Sprint6.Task6.V2\Tyuiu.ShananinaVV.Sprint6.Task6.V2.csproj", "{D35E21BA-CD04-4284-96DC-74D6704AD292}"
EndProject
Project("{FAE04EC0-301F-11D3-BF4B-00C04F79EFBC}") = "Tyuiu.ShananinaVV.Sprint6.Task6.V2.Lib", "Tyuiu.ShananinaVV.Sprint6.Task6.V2.Lib\Tyuiu.ShananinaVV.Sprint6.Task6.V2.Lib.csproj", "{2C9707A9-1210-486B-9E34-A220075943A9}"
EndProject
Project("{FAE04EC0-301F-11D3-BF4B-00C04F79EFBC}") = "Tyuiu.ShananinaVV.Sprint6.Task6.V2.Test", "Tyuiu.ShananinaVV.Sprint6.Task6.V2.Test\Tyuiu.ShananinaVV.Sprint6.Task6.V2.Test.csproj", "{09291942-A9AE-4A61-87E7-F1B015BE51B9}"
EndProject
Global
	GlobalSection(SolutionConfigurationPlatforms) = preSolution
		Debug|Any CPU = Debug|Any CPU
		Release|Any CPU = Release|Any CPU
	EndGlobalSection
	GlobalSection(ProjectConfigurationPlatforms) = postSolution
		{1519BCD8-D9C9-4254-BABC-81D1D1EEB0D7}.Debug|Any CPU.ActiveCfg = Debug|Any CPU
		{1519BCD8-D9C9-4254-BABC-81D1D1EEB0D7}.Debug|Any CPU.Build.0 = Debug|Any CPU
		{1519BCD8-D9C9-4254-BABC-81D1D1EEB0D7}.Release|Any CPU.ActiveCfg = Release|Any CPU
		{1519BCD8-D9C9-4254-BABC-81D1D1EEB0D7}.Release|Any CPU.Build.0 = Release|Any CPU
		{25D6FCAD-C858-4F6C-9C38-27F719A0A015}.Debug|Any CPU.ActiveCfg = Debug|Any CPU
		{25D6FCAD-C858-4F6C-9C38-27F719A0A015}.Debug|Any CPU.Build.0 = Debug|Any CPU
		{25D6FCAD-C858-4F6C-9C38-27F719A0A015}.Release|Any CPU.ActiveCfg = Release|Any CPU
		{25D6FCAD-C858-4F6C-9C38-27F719A0A015}.Release|Any CPU.Build.0 = Release|Any CPU
		{8F7D1BE5-7FCD-4B8A-B8EC-CBB51CEE46F2}.Debug|Any CPU.ActiveCfg = Debug|Any CPU
		{8F7D1BE5-7FCD-4B8A-B8EC-CBB51CEE46F2}.Debug|Any CPU.Build.0 = Debug|Any CPU
		{8F7D1BE5-7FCD-4B8A-B8EC-CBB51CEE46F2}.Release|Any CPU.ActiveCfg = Release|Any CPU
		{8F7D1BE5-7FCD-4B8A-B8EC-CBB51CEE46F2}.Release|Any CPU.Build.0 = Release|Any CPU
		{CD58D6D2-7835-45E7-B38B-0A1590D5A6AE}.Debug|Any CPU.ActiveCfg = Debug|Any CPU
		{CD58D6D2-7835-45E7-B38B-0A1590D5A6AE}.Debug|Any CPU.Build.0 = Debug|Any CPU
		{CD58D6D2-7835-45E7-B38B-0A1590D5A6AE}.Release|Any CPU.ActiveCfg = Release|Any CPU
		{CD58D6D2-7835-45E7-B38B-0A1590D5A6AE}.Release|Any CPU.Build.0 = Release|Any CPU
		{0BF8766D-16FC-4930-B68A-098B7D6415A3}.Debug|Any CPU.ActiveCfg = Debug|Any CPU
		{0BF8766D-16FC-4930-B68A-098B7D6415A3}.Debug|Any CPU.Build.0 = Debug|Any CPU
		{0BF8766D-16FC-4930-B68A-098B7D6415A3}.Release|Any CPU.ActiveCfg = Release|Any CPU
		{0BF8766D-16FC-4930-B68A-098B7D6415A3}.Release|Any CPU.Build.0 = Release|Any CPU
		{160D52DB-D4CF-4983-BA54-99A6B408224C}.Debug|Any CPU.ActiveCfg = Debug|Any CPU
		{160D52DB-D4CF-4983-BA54-99A6B408224C}.Debug|Any CPU.Build.0 = Debug|Any CPU
		{160D52DB-D4CF-4983-BA54-99A6B408224C}.Release|Any CPU.ActiveCfg = Release|Any CPU
		{160D52DB-D4CF-4983-BA54-99A6B408224C}.Release|Any CPU.Build.0 = Release|Any CPU
		{0E8360D8-3934-47C8-BCCA-BD282570D645}.Debug|Any CPU.ActiveCfg = Debug|Any CPU
		{0E8360D8-3934-47C8-BCCA-BD282570D645}.Debug|Any CPU.Build.0 = Debug|Any CPU
		{0E8360D8-3934-47C8-BCCA-BD282570D645}.Release|Any CPU.ActiveCfg = Release|Any CPU
		{0E8360D8-3934-47C8-BCCA-BD282570D645}.Release|Any CPU.Build.0 = Release|Any CPU
		{E16FA8A4-998B-4CAE-BC14-50DC098D2FF0}.Debug|Any CPU.ActiveCfg = Debug|Any CPU
		{E16FA8A4-998B-4CAE-BC14-50DC098D2FF0}.Debug|Any CPU.Build.0 = Debug|Any CPU
		{E16FA8A4-998B-4CAE-BC14-50DC098D2FF0}.Release|Any CPU.ActiveCfg = Release|Any CPU
		{E16FA8A4-998B-4CAE-BC14-50DC098D2FF0}.Release|Any CPU.Build.0 = Release|Any CPU
		{D103E88E-C211-427C-BF07-B326EE7065FB}.Debug|Any CPU.ActiveCfg = Debug|Any CPU
		{D103E88E-C211-427C-BF07-B326EE7065FB}.Debug|Any CPU.Build.0 = Debug|Any CPU
		{D103E88E-C211-427C-BF07-B326EE7065FB}.Release|Any CPU.ActiveCfg = Release|Any CPU
		{D103E88E-C211-427C-BF07-B326EE7065FB}.Release|Any CPU.Build.0 = Release|Any CPU
		{AAADBCB9-6FA8-4356-87B6-482966BC1CDE}.Debug|Any CPU.ActiveCfg = Debug|Any CPU
		{AAADBCB9-6FA8-4356-87B6-482966BC1CDE}.Debug|Any CPU.Build.0 = Debug|Any CPU
		{AAADBCB9-6FA8-4356-87B6-482966BC1CDE}.Release|Any CPU.ActiveCfg = Release|Any CPU
		{AAADBCB9-6FA8-4356-87B6-482966BC1CDE}.Release|Any CPU.Build.0 = Release|Any CPU
		{F2194C1F-991A-447D-8A14-B3A0C4777F88}.Debug|Any CPU.ActiveCfg = Debug|Any CPU
		{F2194C1F-991A-447D-8A14-B3A0C4777F88}.Debug|Any CPU.Build.0 = Debug|Any CPU
		{F2194C1F-991A-447D-8A14-B3A0C4777F88}.Release|Any CPU.ActiveCfg = Release|Any CPU
		{F2194C1F-991A-447D-8A14-B3A0C4777F88}.Release|Any CPU.Build.0 = Release|Any CPU
		{52008AD4-2FC7-4ED7-9E00-3F466A17710F}.Debug|Any CPU.ActiveCfg = Debug|Any CPU
		{52008AD4-2FC7-4ED7-9E00-3F466A17710F}.Debug|Any CPU.Build.0 = Debug|Any CPU
		{52008AD4-2FC7-4ED7-9E00-3F466A17710F}.Release|Any CPU.ActiveCfg = Release|Any CPU
		{52008AD4-2FC7-4ED7-9E00-3F466A17710F}.Release|Any CPU.Build.0 = Release|Any CPU
		{9695B6D9-1646-41C3-8763-6A2A92B4BAE0}.Debug|Any CPU.ActiveCfg = Debug|Any CPU
		{9695B6D9-1646-41C3-8763-6A2A92B4BAE0}.Debug|Any CPU.Build.0 = Debug|Any CPU
		{9695B6D9-1646-41C3-8763-6A2A92B4BAE0}.Release|Any CPU.ActiveCfg = Release|Any CPU
		{9695B6D9-1646-41C3-8763-6A2A92B4BAE0}.Release|Any CPU.Build.0 = Release|Any CPU
		{7D56BF5D-7FEB-405F-8C1E-BF02ECC84E60}.Debug|Any CPU.ActiveCfg = Debug|Any CPU
		{7D56BF5D-7FEB-405F-8C1E-BF02ECC84E60}.Debug|Any CPU.Build.0 = Debug|Any CPU
		{7D56BF5D-7FEB-405F-8C1E-BF02ECC84E60}.Release|Any CPU.ActiveCfg = Release|Any CPU
		{7D56BF5D-7FEB-405F-8C1E-BF02ECC84E60}.Release|Any CPU.Build.0 = Release|Any CPU
		{87738566-2C9D-4FE0-BDDC-1AEBC5FBCB36}.Debug|Any CPU.ActiveCfg = Debug|Any CPU
		{87738566-2C9D-4FE0-BDDC-1AEBC5FBCB36}.Debug|Any CPU.Build.0 = Debug|Any CPU
		{87738566-2C9D-4FE0-BDDC-1AEBC5FBCB36}.Release|Any CPU.ActiveCfg = Release|Any CPU
		{87738566-2C9D-4FE0-BDDC-1AEBC5FBCB36}.Release|Any CPU.Build.0 = Release|Any CPU
		{1A5A3449-0546-40DA-AFB5-2FFEC4295D44}.Debug|Any CPU.ActiveCfg = Debug|Any CPU
		{1A5A3449-0546-40DA-AFB5-2FFEC4295D44}.Debug|Any CPU.Build.0 = Debug|Any CPU
		{1A5A3449-0546-40DA-AFB5-2FFEC4295D44}.Release|Any CPU.ActiveCfg = Release|Any CPU
		{1A5A3449-0546-40DA-AFB5-2FFEC4295D44}.Release|Any CPU.Build.0 = Release|Any CPU
		{0874595B-CF58-4971-B634-9DC0B192D494}.Debug|Any CPU.ActiveCfg = Debug|Any CPU
		{0874595B-CF58-4971-B634-9DC0B192D494}.Debug|Any CPU.Build.0 = Debug|Any CPU
		{0874595B-CF58-4971-B634-9DC0B192D494}.Release|Any CPU.ActiveCfg = Release|Any CPU
		{0874595B-CF58-4971-B634-9DC0B192D494}.Release|Any CPU.Build.0 = Release|Any CPU
		{F9E99142-3DDE-4EF2-88A6-373AF0641A16}.Debug|Any CPU.ActiveCfg = Debug|Any CPU
		{F9E99142-3DDE-4EF2-88A6-373AF0641A16}.Debug|Any CPU.Build.0 = Debug|Any CPU
		{F9E99142-3DDE-4EF2-88A6-373AF0641A16}.Release|Any CPU.ActiveCfg = Release|Any CPU
		{F9E99142-3DDE-4EF2-88A6-373AF0641A16}.Release|Any CPU.Build.0 = Release|Any CPU
		{D35E21BA-CD04-4284-96DC-74D6704AD292}.Debug|Any CPU.ActiveCfg = Debug|Any CPU
		{D35E21BA-CD04-4284-96DC-74D6704AD292}.Debug|Any CPU.Build.0 = Debug|Any CPU
		{D35E21BA-CD04-4284-96DC-74D6704AD292}.Release|Any CPU.ActiveCfg = Release|Any CPU
		{D35E21BA-CD04-4284-96DC-74D6704AD292}.Release|Any CPU.Build.0 = Release|Any CPU
		{2C9707A9-1210-486B-9E34-A220075943A9}.Debug|Any CPU.ActiveCfg = Debug|Any CPU
		{2C9707A9-1210-486B-9E34-A220075943A9}.Debug|Any CPU.Build.0 = Debug|Any CPU
		{2C9707A9-1210-486B-9E34-A220075943A9}.Release|Any CPU.ActiveCfg = Release|Any CPU
		{2C9707A9-1210-486B-9E34-A220075943A9}.Release|Any CPU.Build.0 = Release|Any CPU
		{09291942-A9AE-4A61-87E7-F1B015BE51B9}.Debug|Any CPU.ActiveCfg = Debug|Any CPU
		{09291942-A9AE-4A61-87E7-F1B015BE51B9}.Debug|Any CPU.Build.0 = Debug|Any CPU
		{09291942-A9AE-4A61-87E7-F1B015BE51B9}.Release|Any CPU.ActiveCfg = Release|Any CPU
		{09291942-A9AE-4A61-87E7-F1B015BE51B9}.Release|Any CPU.Build.0 = Release|Any CPU
	EndGlobalSection
	GlobalSection(SolutionProperties) = preSolution
		HideSolutionNode = FALSE
	EndGlobalSection
	GlobalSection(NestedProjects) = preSolution
		{1519BCD8-D9C9-4254-BABC-81D1D1EEB0D7} = {F5F50A9A-2E46-49CF-AEB2-45461E10FAD8}
		{25D6FCAD-C858-4F6C-9C38-27F719A0A015} = {F5F50A9A-2E46-49CF-AEB2-45461E10FAD8}
		{8F7D1BE5-7FCD-4B8A-B8EC-CBB51CEE46F2} = {F5F50A9A-2E46-49CF-AEB2-45461E10FAD8}
		{CD58D6D2-7835-45E7-B38B-0A1590D5A6AE} = {DBA762E0-7E6C-4C09-99EC-E75BC9D015B0}
		{0BF8766D-16FC-4930-B68A-098B7D6415A3} = {DBA762E0-7E6C-4C09-99EC-E75BC9D015B0}
		{160D52DB-D4CF-4983-BA54-99A6B408224C} = {DBA762E0-7E6C-4C09-99EC-E75BC9D015B0}
		{0E8360D8-3934-47C8-BCCA-BD282570D645} = {F309051F-2BC2-4A16-8645-7DD332020385}
		{E16FA8A4-998B-4CAE-BC14-50DC098D2FF0} = {F309051F-2BC2-4A16-8645-7DD332020385}
		{D103E88E-C211-427C-BF07-B326EE7065FB} = {F309051F-2BC2-4A16-8645-7DD332020385}
		{AAADBCB9-6FA8-4356-87B6-482966BC1CDE} = {CFC78DE7-EB9D-4841-896B-2ADDBED57610}
		{F2194C1F-991A-447D-8A14-B3A0C4777F88} = {CFC78DE7-EB9D-4841-896B-2ADDBED57610}
		{52008AD4-2FC7-4ED7-9E00-3F466A17710F} = {CFC78DE7-EB9D-4841-896B-2ADDBED57610}
		{9695B6D9-1646-41C3-8763-6A2A92B4BAE0} = {6E97BF51-FDB0-4CA8-BB33-224D8A02DBB4}
		{7D56BF5D-7FEB-405F-8C1E-BF02ECC84E60} = {6E97BF51-FDB0-4CA8-BB33-224D8A02DBB4}
		{87738566-2C9D-4FE0-BDDC-1AEBC5FBCB36} = {6E97BF51-FDB0-4CA8-BB33-224D8A02DBB4}
		{1A5A3449-0546-40DA-AFB5-2FFEC4295D44} = {38BA3BB0-1B7E-44CC-B0B1-0AE3E67CC34E}
		{0874595B-CF58-4971-B634-9DC0B192D494} = {38BA3BB0-1B7E-44CC-B0B1-0AE3E67CC34E}
		{F9E99142-3DDE-4EF2-88A6-373AF0641A16} = {38BA3BB0-1B7E-44CC-B0B1-0AE3E67CC34E}
		{D35E21BA-CD04-4284-96DC-74D6704AD292} = {F64D8D39-AC40-4B83-9A89-A224BC1BE118}
		{2C9707A9-1210-486B-9E34-A220075943A9} = {F64D8D39-AC40-4B83-9A89-A224BC1BE118}
		{09291942-A9AE-4A61-87E7-F1B015BE51B9} = {F64D8D39-AC40-4B83-9A89-A224BC1BE118}
	EndGlobalSection
	GlobalSection(ExtensibilityGlobals) = postSolution
		SolutionGuid = {7818DE48-1FD7-4122-BDA5-6DF4DFAAB3BB}
	EndGlobalSection
EndGlobal
